
Microsoft Visual Studio Solution File, Format Version 12.00
# Visual Studio 15
VisualStudioVersion = 15.0.26403.7
MinimumVisualStudioVersion = 10.0.40219.1
Project("{FAE04EC0-301F-11D3-BF4B-00C04F79EFBC}") = "LoraWeather.Android", "LoraWeather\LoraWeather.Android\LoraWeather.Android.csproj", "{1B62FE35-BDA9-4EDD-B9E3-02573DB8FE3B}"
EndProject
Project("{FAE04EC0-301F-11D3-BF4B-00C04F79EFBC}") = "LoraWeather", "LoraWeather\LoraWeather\LoraWeather.csproj", "{DB3750F0-F31B-4B9A-BBA1-337F1BB53F13}"
EndProject
Project("{FAE04EC0-301F-11D3-BF4B-00C04F79EFBC}") = "LoraWeather.UWP", "LoraWeather\LoraWeather.UWP\LoraWeather.UWP.csproj", "{BDCF6BB6-5994-4E85-B218-059A3825ADEE}"
EndProject
Project("{FAE04EC0-301F-11D3-BF4B-00C04F79EFBC}") = "LoraWeather.iOS", "LoraWeather\LoraWeather.iOS\LoraWeather.iOS.csproj", "{BD06D774-8DD8-4CCD-9AF3-984799E0B055}"
EndProject
Global
	GlobalSection(SolutionConfigurationPlatforms) = preSolution
		Ad-Hoc|Any CPU = Ad-Hoc|Any CPU
		Ad-Hoc|ARM = Ad-Hoc|ARM
		Ad-Hoc|iPhone = Ad-Hoc|iPhone
		Ad-Hoc|iPhoneSimulator = Ad-Hoc|iPhoneSimulator
		Ad-Hoc|x64 = Ad-Hoc|x64
		Ad-Hoc|x86 = Ad-Hoc|x86
		AppStore|Any CPU = AppStore|Any CPU
		AppStore|ARM = AppStore|ARM
		AppStore|iPhone = AppStore|iPhone
		AppStore|iPhoneSimulator = AppStore|iPhoneSimulator
		AppStore|x64 = AppStore|x64
		AppStore|x86 = AppStore|x86
		Debug|Any CPU = Debug|Any CPU
		Debug|ARM = Debug|ARM
		Debug|iPhone = Debug|iPhone
		Debug|iPhoneSimulator = Debug|iPhoneSimulator
		Debug|x64 = Debug|x64
		Debug|x86 = Debug|x86
		Release|Any CPU = Release|Any CPU
		Release|ARM = Release|ARM
		Release|iPhone = Release|iPhone
		Release|iPhoneSimulator = Release|iPhoneSimulator
		Release|x64 = Release|x64
		Release|x86 = Release|x86
	EndGlobalSection
	GlobalSection(ProjectConfigurationPlatforms) = postSolution
		{1B62FE35-BDA9-4EDD-B9E3-02573DB8FE3B}.Ad-Hoc|Any CPU.ActiveCfg = Release|Any CPU
		{1B62FE35-BDA9-4EDD-B9E3-02573DB8FE3B}.Ad-Hoc|Any CPU.Build.0 = Release|Any CPU
		{1B62FE35-BDA9-4EDD-B9E3-02573DB8FE3B}.Ad-Hoc|Any CPU.Deploy.0 = Release|Any CPU
		{1B62FE35-BDA9-4EDD-B9E3-02573DB8FE3B}.Ad-Hoc|ARM.ActiveCfg = Release|Any CPU
		{1B62FE35-BDA9-4EDD-B9E3-02573DB8FE3B}.Ad-Hoc|ARM.Build.0 = Release|Any CPU
		{1B62FE35-BDA9-4EDD-B9E3-02573DB8FE3B}.Ad-Hoc|ARM.Deploy.0 = Release|Any CPU
		{1B62FE35-BDA9-4EDD-B9E3-02573DB8FE3B}.Ad-Hoc|iPhone.ActiveCfg = Release|Any CPU
		{1B62FE35-BDA9-4EDD-B9E3-02573DB8FE3B}.Ad-Hoc|iPhone.Build.0 = Release|Any CPU
		{1B62FE35-BDA9-4EDD-B9E3-02573DB8FE3B}.Ad-Hoc|iPhone.Deploy.0 = Release|Any CPU
		{1B62FE35-BDA9-4EDD-B9E3-02573DB8FE3B}.Ad-Hoc|iPhoneSimulator.ActiveCfg = Release|Any CPU
		{1B62FE35-BDA9-4EDD-B9E3-02573DB8FE3B}.Ad-Hoc|iPhoneSimulator.Build.0 = Release|Any CPU
		{1B62FE35-BDA9-4EDD-B9E3-02573DB8FE3B}.Ad-Hoc|iPhoneSimulator.Deploy.0 = Release|Any CPU
		{1B62FE35-BDA9-4EDD-B9E3-02573DB8FE3B}.Ad-Hoc|x64.ActiveCfg = Release|Any CPU
		{1B62FE35-BDA9-4EDD-B9E3-02573DB8FE3B}.Ad-Hoc|x64.Build.0 = Release|Any CPU
		{1B62FE35-BDA9-4EDD-B9E3-02573DB8FE3B}.Ad-Hoc|x64.Deploy.0 = Release|Any CPU
		{1B62FE35-BDA9-4EDD-B9E3-02573DB8FE3B}.Ad-Hoc|x86.ActiveCfg = Release|Any CPU
		{1B62FE35-BDA9-4EDD-B9E3-02573DB8FE3B}.Ad-Hoc|x86.Build.0 = Release|Any CPU
		{1B62FE35-BDA9-4EDD-B9E3-02573DB8FE3B}.Ad-Hoc|x86.Deploy.0 = Release|Any CPU
		{1B62FE35-BDA9-4EDD-B9E3-02573DB8FE3B}.AppStore|Any CPU.ActiveCfg = Release|Any CPU
		{1B62FE35-BDA9-4EDD-B9E3-02573DB8FE3B}.AppStore|Any CPU.Build.0 = Release|Any CPU
		{1B62FE35-BDA9-4EDD-B9E3-02573DB8FE3B}.AppStore|Any CPU.Deploy.0 = Release|Any CPU
		{1B62FE35-BDA9-4EDD-B9E3-02573DB8FE3B}.AppStore|ARM.ActiveCfg = Release|Any CPU
		{1B62FE35-BDA9-4EDD-B9E3-02573DB8FE3B}.AppStore|ARM.Build.0 = Release|Any CPU
		{1B62FE35-BDA9-4EDD-B9E3-02573DB8FE3B}.AppStore|ARM.Deploy.0 = Release|Any CPU
		{1B62FE35-BDA9-4EDD-B9E3-02573DB8FE3B}.AppStore|iPhone.ActiveCfg = Release|Any CPU
		{1B62FE35-BDA9-4EDD-B9E3-02573DB8FE3B}.AppStore|iPhone.Build.0 = Release|Any CPU
		{1B62FE35-BDA9-4EDD-B9E3-02573DB8FE3B}.AppStore|iPhone.Deploy.0 = Release|Any CPU
		{1B62FE35-BDA9-4EDD-B9E3-02573DB8FE3B}.AppStore|iPhoneSimulator.ActiveCfg = Release|Any CPU
		{1B62FE35-BDA9-4EDD-B9E3-02573DB8FE3B}.AppStore|iPhoneSimulator.Build.0 = Release|Any CPU
		{1B62FE35-BDA9-4EDD-B9E3-02573DB8FE3B}.AppStore|iPhoneSimulator.Deploy.0 = Release|Any CPU
		{1B62FE35-BDA9-4EDD-B9E3-02573DB8FE3B}.AppStore|x64.ActiveCfg = Release|Any CPU
		{1B62FE35-BDA9-4EDD-B9E3-02573DB8FE3B}.AppStore|x64.Build.0 = Release|Any CPU
		{1B62FE35-BDA9-4EDD-B9E3-02573DB8FE3B}.AppStore|x64.Deploy.0 = Release|Any CPU
		{1B62FE35-BDA9-4EDD-B9E3-02573DB8FE3B}.AppStore|x86.ActiveCfg = Release|Any CPU
		{1B62FE35-BDA9-4EDD-B9E3-02573DB8FE3B}.AppStore|x86.Build.0 = Release|Any CPU
		{1B62FE35-BDA9-4EDD-B9E3-02573DB8FE3B}.AppStore|x86.Deploy.0 = Release|Any CPU
		{1B62FE35-BDA9-4EDD-B9E3-02573DB8FE3B}.Debug|Any CPU.ActiveCfg = Debug|Any CPU
		{1B62FE35-BDA9-4EDD-B9E3-02573DB8FE3B}.Debug|Any CPU.Build.0 = Debug|Any CPU
		{1B62FE35-BDA9-4EDD-B9E3-02573DB8FE3B}.Debug|Any CPU.Deploy.0 = Debug|Any CPU
		{1B62FE35-BDA9-4EDD-B9E3-02573DB8FE3B}.Debug|ARM.ActiveCfg = Debug|Any CPU
		{1B62FE35-BDA9-4EDD-B9E3-02573DB8FE3B}.Debug|ARM.Build.0 = Debug|Any CPU
		{1B62FE35-BDA9-4EDD-B9E3-02573DB8FE3B}.Debug|ARM.Deploy.0 = Debug|Any CPU
		{1B62FE35-BDA9-4EDD-B9E3-02573DB8FE3B}.Debug|iPhone.ActiveCfg = Debug|Any CPU
		{1B62FE35-BDA9-4EDD-B9E3-02573DB8FE3B}.Debug|iPhone.Build.0 = Debug|Any CPU
		{1B62FE35-BDA9-4EDD-B9E3-02573DB8FE3B}.Debug|iPhone.Deploy.0 = Debug|Any CPU
		{1B62FE35-BDA9-4EDD-B9E3-02573DB8FE3B}.Debug|iPhoneSimulator.ActiveCfg = Debug|Any CPU
		{1B62FE35-BDA9-4EDD-B9E3-02573DB8FE3B}.Debug|iPhoneSimulator.Build.0 = Debug|Any CPU
		{1B62FE35-BDA9-4EDD-B9E3-02573DB8FE3B}.Debug|iPhoneSimulator.Deploy.0 = Debug|Any CPU
		{1B62FE35-BDA9-4EDD-B9E3-02573DB8FE3B}.Debug|x64.ActiveCfg = Debug|Any CPU
		{1B62FE35-BDA9-4EDD-B9E3-02573DB8FE3B}.Debug|x64.Build.0 = Debug|Any CPU
		{1B62FE35-BDA9-4EDD-B9E3-02573DB8FE3B}.Debug|x64.Deploy.0 = Debug|Any CPU
		{1B62FE35-BDA9-4EDD-B9E3-02573DB8FE3B}.Debug|x86.ActiveCfg = Debug|Any CPU
		{1B62FE35-BDA9-4EDD-B9E3-02573DB8FE3B}.Debug|x86.Build.0 = Debug|Any CPU
		{1B62FE35-BDA9-4EDD-B9E3-02573DB8FE3B}.Debug|x86.Deploy.0 = Debug|Any CPU
		{1B62FE35-BDA9-4EDD-B9E3-02573DB8FE3B}.Release|Any CPU.ActiveCfg = Release|Any CPU
		{1B62FE35-BDA9-4EDD-B9E3-02573DB8FE3B}.Release|Any CPU.Build.0 = Release|Any CPU
		{1B62FE35-BDA9-4EDD-B9E3-02573DB8FE3B}.Release|Any CPU.Deploy.0 = Release|Any CPU
		{1B62FE35-BDA9-4EDD-B9E3-02573DB8FE3B}.Release|ARM.ActiveCfg = Release|Any CPU
		{1B62FE35-BDA9-4EDD-B9E3-02573DB8FE3B}.Release|ARM.Build.0 = Release|Any CPU
		{1B62FE35-BDA9-4EDD-B9E3-02573DB8FE3B}.Release|ARM.Deploy.0 = Release|Any CPU
		{1B62FE35-BDA9-4EDD-B9E3-02573DB8FE3B}.Release|iPhone.ActiveCfg = Release|Any CPU
		{1B62FE35-BDA9-4EDD-B9E3-02573DB8FE3B}.Release|iPhone.Build.0 = Release|Any CPU
		{1B62FE35-BDA9-4EDD-B9E3-02573DB8FE3B}.Release|iPhone.Deploy.0 = Release|Any CPU
		{1B62FE35-BDA9-4EDD-B9E3-02573DB8FE3B}.Release|iPhoneSimulator.ActiveCfg = Release|Any CPU
		{1B62FE35-BDA9-4EDD-B9E3-02573DB8FE3B}.Release|iPhoneSimulator.Build.0 = Release|Any CPU
		{1B62FE35-BDA9-4EDD-B9E3-02573DB8FE3B}.Release|iPhoneSimulator.Deploy.0 = Release|Any CPU
		{1B62FE35-BDA9-4EDD-B9E3-02573DB8FE3B}.Release|x64.ActiveCfg = Release|Any CPU
		{1B62FE35-BDA9-4EDD-B9E3-02573DB8FE3B}.Release|x64.Build.0 = Release|Any CPU
		{1B62FE35-BDA9-4EDD-B9E3-02573DB8FE3B}.Release|x64.Deploy.0 = Release|Any CPU
		{1B62FE35-BDA9-4EDD-B9E3-02573DB8FE3B}.Release|x86.ActiveCfg = Release|Any CPU
		{1B62FE35-BDA9-4EDD-B9E3-02573DB8FE3B}.Release|x86.Build.0 = Release|Any CPU
		{1B62FE35-BDA9-4EDD-B9E3-02573DB8FE3B}.Release|x86.Deploy.0 = Release|Any CPU
		{DB3750F0-F31B-4B9A-BBA1-337F1BB53F13}.Ad-Hoc|Any CPU.ActiveCfg = Release|Any CPU
		{DB3750F0-F31B-4B9A-BBA1-337F1BB53F13}.Ad-Hoc|Any CPU.Build.0 = Release|Any CPU
		{DB3750F0-F31B-4B9A-BBA1-337F1BB53F13}.Ad-Hoc|ARM.ActiveCfg = Release|Any CPU
		{DB3750F0-F31B-4B9A-BBA1-337F1BB53F13}.Ad-Hoc|ARM.Build.0 = Release|Any CPU
		{DB3750F0-F31B-4B9A-BBA1-337F1BB53F13}.Ad-Hoc|iPhone.ActiveCfg = Release|Any CPU
		{DB3750F0-F31B-4B9A-BBA1-337F1BB53F13}.Ad-Hoc|iPhone.Build.0 = Release|Any CPU
		{DB3750F0-F31B-4B9A-BBA1-337F1BB53F13}.Ad-Hoc|iPhoneSimulator.ActiveCfg = Release|Any CPU
		{DB3750F0-F31B-4B9A-BBA1-337F1BB53F13}.Ad-Hoc|iPhoneSimulator.Build.0 = Release|Any CPU
		{DB3750F0-F31B-4B9A-BBA1-337F1BB53F13}.Ad-Hoc|x64.ActiveCfg = Release|Any CPU
		{DB3750F0-F31B-4B9A-BBA1-337F1BB53F13}.Ad-Hoc|x64.Build.0 = Release|Any CPU
		{DB3750F0-F31B-4B9A-BBA1-337F1BB53F13}.Ad-Hoc|x86.ActiveCfg = Release|Any CPU
		{DB3750F0-F31B-4B9A-BBA1-337F1BB53F13}.Ad-Hoc|x86.Build.0 = Release|Any CPU
		{DB3750F0-F31B-4B9A-BBA1-337F1BB53F13}.AppStore|Any CPU.ActiveCfg = Release|Any CPU
		{DB3750F0-F31B-4B9A-BBA1-337F1BB53F13}.AppStore|Any CPU.Build.0 = Release|Any CPU
		{DB3750F0-F31B-4B9A-BBA1-337F1BB53F13}.AppStore|ARM.ActiveCfg = Release|Any CPU
		{DB3750F0-F31B-4B9A-BBA1-337F1BB53F13}.AppStore|ARM.Build.0 = Release|Any CPU
		{DB3750F0-F31B-4B9A-BBA1-337F1BB53F13}.AppStore|iPhone.ActiveCfg = Release|Any CPU
		{DB3750F0-F31B-4B9A-BBA1-337F1BB53F13}.AppStore|iPhone.Build.0 = Release|Any CPU
		{DB3750F0-F31B-4B9A-BBA1-337F1BB53F13}.AppStore|iPhoneSimulator.ActiveCfg = Release|Any CPU
		{DB3750F0-F31B-4B9A-BBA1-337F1BB53F13}.AppStore|iPhoneSimulator.Build.0 = Release|Any CPU
		{DB3750F0-F31B-4B9A-BBA1-337F1BB53F13}.AppStore|x64.ActiveCfg = Release|Any CPU
		{DB3750F0-F31B-4B9A-BBA1-337F1BB53F13}.AppStore|x64.Build.0 = Release|Any CPU
		{DB3750F0-F31B-4B9A-BBA1-337F1BB53F13}.AppStore|x86.ActiveCfg = Release|Any CPU
		{DB3750F0-F31B-4B9A-BBA1-337F1BB53F13}.AppStore|x86.Build.0 = Release|Any CPU
		{DB3750F0-F31B-4B9A-BBA1-337F1BB53F13}.Debug|Any CPU.ActiveCfg = Debug|Any CPU
		{DB3750F0-F31B-4B9A-BBA1-337F1BB53F13}.Debug|Any CPU.Build.0 = Debug|Any CPU
		{DB3750F0-F31B-4B9A-BBA1-337F1BB53F13}.Debug|ARM.ActiveCfg = Debug|Any CPU
		{DB3750F0-F31B-4B9A-BBA1-337F1BB53F13}.Debug|ARM.Build.0 = Debug|Any CPU
		{DB3750F0-F31B-4B9A-BBA1-337F1BB53F13}.Debug|iPhone.ActiveCfg = Debug|Any CPU
		{DB3750F0-F31B-4B9A-BBA1-337F1BB53F13}.Debug|iPhone.Build.0 = Debug|Any CPU
		{DB3750F0-F31B-4B9A-BBA1-337F1BB53F13}.Debug|iPhoneSimulator.ActiveCfg = Debug|Any CPU
		{DB3750F0-F31B-4B9A-BBA1-337F1BB53F13}.Debug|iPhoneSimulator.Build.0 = Debug|Any CPU
		{DB3750F0-F31B-4B9A-BBA1-337F1BB53F13}.Debug|x64.ActiveCfg = Debug|Any CPU
		{DB3750F0-F31B-4B9A-BBA1-337F1BB53F13}.Debug|x64.Build.0 = Debug|Any CPU
		{DB3750F0-F31B-4B9A-BBA1-337F1BB53F13}.Debug|x86.ActiveCfg = Debug|Any CPU
		{DB3750F0-F31B-4B9A-BBA1-337F1BB53F13}.Debug|x86.Build.0 = Debug|Any CPU
		{DB3750F0-F31B-4B9A-BBA1-337F1BB53F13}.Release|Any CPU.ActiveCfg = Release|Any CPU
		{DB3750F0-F31B-4B9A-BBA1-337F1BB53F13}.Release|Any CPU.Build.0 = Release|Any CPU
		{DB3750F0-F31B-4B9A-BBA1-337F1BB53F13}.Release|ARM.ActiveCfg = Release|Any CPU
		{DB3750F0-F31B-4B9A-BBA1-337F1BB53F13}.Release|ARM.Build.0 = Release|Any CPU
		{DB3750F0-F31B-4B9A-BBA1-337F1BB53F13}.Release|iPhone.ActiveCfg = Release|Any CPU
		{DB3750F0-F31B-4B9A-BBA1-337F1BB53F13}.Release|iPhone.Build.0 = Release|Any CPU
		{DB3750F0-F31B-4B9A-BBA1-337F1BB53F13}.Release|iPhoneSimulator.ActiveCfg = Release|Any CPU
		{DB3750F0-F31B-4B9A-BBA1-337F1BB53F13}.Release|iPhoneSimulator.Build.0 = Release|Any CPU
		{DB3750F0-F31B-4B9A-BBA1-337F1BB53F13}.Release|x64.ActiveCfg = Release|Any CPU
		{DB3750F0-F31B-4B9A-BBA1-337F1BB53F13}.Release|x64.Build.0 = Release|Any CPU
		{DB3750F0-F31B-4B9A-BBA1-337F1BB53F13}.Release|x86.ActiveCfg = Release|Any CPU
		{DB3750F0-F31B-4B9A-BBA1-337F1BB53F13}.Release|x86.Build.0 = Release|Any CPU
		{BDCF6BB6-5994-4E85-B218-059A3825ADEE}.Ad-Hoc|Any CPU.ActiveCfg = Release|x86
		{BDCF6BB6-5994-4E85-B218-059A3825ADEE}.Ad-Hoc|Any CPU.Build.0 = Release|x86
		{BDCF6BB6-5994-4E85-B218-059A3825ADEE}.Ad-Hoc|Any CPU.Deploy.0 = Release|x86
		{BDCF6BB6-5994-4E85-B218-059A3825ADEE}.Ad-Hoc|ARM.ActiveCfg = Release|ARM
		{BDCF6BB6-5994-4E85-B218-059A3825ADEE}.Ad-Hoc|ARM.Build.0 = Release|ARM
		{BDCF6BB6-5994-4E85-B218-059A3825ADEE}.Ad-Hoc|ARM.Deploy.0 = Release|ARM
		{BDCF6BB6-5994-4E85-B218-059A3825ADEE}.Ad-Hoc|iPhone.ActiveCfg = Release|x86
		{BDCF6BB6-5994-4E85-B218-059A3825ADEE}.Ad-Hoc|iPhone.Build.0 = Release|x86
		{BDCF6BB6-5994-4E85-B218-059A3825ADEE}.Ad-Hoc|iPhone.Deploy.0 = Release|x86
		{BDCF6BB6-5994-4E85-B218-059A3825ADEE}.Ad-Hoc|iPhoneSimulator.ActiveCfg = Release|x86
		{BDCF6BB6-5994-4E85-B218-059A3825ADEE}.Ad-Hoc|iPhoneSimulator.Build.0 = Release|x86
		{BDCF6BB6-5994-4E85-B218-059A3825ADEE}.Ad-Hoc|iPhoneSimulator.Deploy.0 = Release|x86
		{BDCF6BB6-5994-4E85-B218-059A3825ADEE}.Ad-Hoc|x64.ActiveCfg = Release|x64
		{BDCF6BB6-5994-4E85-B218-059A3825ADEE}.Ad-Hoc|x64.Build.0 = Release|x64
		{BDCF6BB6-5994-4E85-B218-059A3825ADEE}.Ad-Hoc|x64.Deploy.0 = Release|x64
		{BDCF6BB6-5994-4E85-B218-059A3825ADEE}.Ad-Hoc|x86.ActiveCfg = Release|x86
		{BDCF6BB6-5994-4E85-B218-059A3825ADEE}.Ad-Hoc|x86.Build.0 = Release|x86
		{BDCF6BB6-5994-4E85-B218-059A3825ADEE}.Ad-Hoc|x86.Deploy.0 = Release|x86
		{BDCF6BB6-5994-4E85-B218-059A3825ADEE}.AppStore|Any CPU.ActiveCfg = Release|x86
		{BDCF6BB6-5994-4E85-B218-059A3825ADEE}.AppStore|Any CPU.Build.0 = Release|x86
		{BDCF6BB6-5994-4E85-B218-059A3825ADEE}.AppStore|Any CPU.Deploy.0 = Release|x86
		{BDCF6BB6-5994-4E85-B218-059A3825ADEE}.AppStore|ARM.ActiveCfg = Release|ARM
		{BDCF6BB6-5994-4E85-B218-059A3825ADEE}.AppStore|ARM.Build.0 = Release|ARM
		{BDCF6BB6-5994-4E85-B218-059A3825ADEE}.AppStore|ARM.Deploy.0 = Release|ARM
		{BDCF6BB6-5994-4E85-B218-059A3825ADEE}.AppStore|iPhone.ActiveCfg = Release|x86
		{BDCF6BB6-5994-4E85-B218-059A3825ADEE}.AppStore|iPhone.Build.0 = Release|x86
		{BDCF6BB6-5994-4E85-B218-059A3825ADEE}.AppStore|iPhone.Deploy.0 = Release|x86
		{BDCF6BB6-5994-4E85-B218-059A3825ADEE}.AppStore|iPhoneSimulator.ActiveCfg = Release|x86
		{BDCF6BB6-5994-4E85-B218-059A3825ADEE}.AppStore|iPhoneSimulator.Build.0 = Release|x86
		{BDCF6BB6-5994-4E85-B218-059A3825ADEE}.AppStore|iPhoneSimulator.Deploy.0 = Release|x86
		{BDCF6BB6-5994-4E85-B218-059A3825ADEE}.AppStore|x64.ActiveCfg = Release|x64
		{BDCF6BB6-5994-4E85-B218-059A3825ADEE}.AppStore|x64.Build.0 = Release|x64
		{BDCF6BB6-5994-4E85-B218-059A3825ADEE}.AppStore|x64.Deploy.0 = Release|x64
		{BDCF6BB6-5994-4E85-B218-059A3825ADEE}.AppStore|x86.ActiveCfg = Release|x86
		{BDCF6BB6-5994-4E85-B218-059A3825ADEE}.AppStore|x86.Build.0 = Release|x86
		{BDCF6BB6-5994-4E85-B218-059A3825ADEE}.AppStore|x86.Deploy.0 = Release|x86
		{BDCF6BB6-5994-4E85-B218-059A3825ADEE}.Debug|Any CPU.ActiveCfg = Debug|x86
		{BDCF6BB6-5994-4E85-B218-059A3825ADEE}.Debug|ARM.ActiveCfg = Debug|ARM
		{BDCF6BB6-5994-4E85-B218-059A3825ADEE}.Debug|ARM.Build.0 = Debug|ARM
		{BDCF6BB6-5994-4E85-B218-059A3825ADEE}.Debug|ARM.Deploy.0 = Debug|ARM
		{BDCF6BB6-5994-4E85-B218-059A3825ADEE}.Debug|iPhone.ActiveCfg = Debug|x86
		{BDCF6BB6-5994-4E85-B218-059A3825ADEE}.Debug|iPhoneSimulator.ActiveCfg = Debug|x86
		{BDCF6BB6-5994-4E85-B218-059A3825ADEE}.Debug|x64.ActiveCfg = Debug|x64
		{BDCF6BB6-5994-4E85-B218-059A3825ADEE}.Debug|x64.Build.0 = Debug|x64
		{BDCF6BB6-5994-4E85-B218-059A3825ADEE}.Debug|x64.Deploy.0 = Debug|x64
		{BDCF6BB6-5994-4E85-B218-059A3825ADEE}.Debug|x86.ActiveCfg = Debug|x86
		{BDCF6BB6-5994-4E85-B218-059A3825ADEE}.Debug|x86.Build.0 = Debug|x86
		{BDCF6BB6-5994-4E85-B218-059A3825ADEE}.Debug|x86.Deploy.0 = Debug|x86
		{BDCF6BB6-5994-4E85-B218-059A3825ADEE}.Release|Any CPU.ActiveCfg = Release|x86
		{BDCF6BB6-5994-4E85-B218-059A3825ADEE}.Release|ARM.ActiveCfg = Release|ARM
		{BDCF6BB6-5994-4E85-B218-059A3825ADEE}.Release|ARM.Build.0 = Release|ARM
		{BDCF6BB6-5994-4E85-B218-059A3825ADEE}.Release|ARM.Deploy.0 = Release|ARM
		{BDCF6BB6-5994-4E85-B218-059A3825ADEE}.Release|iPhone.ActiveCfg = Release|x86
		{BDCF6BB6-5994-4E85-B218-059A3825ADEE}.Release|iPhoneSimulator.ActiveCfg = Release|x86
		{BDCF6BB6-5994-4E85-B218-059A3825ADEE}.Release|x64.ActiveCfg = Release|x64
		{BDCF6BB6-5994-4E85-B218-059A3825ADEE}.Release|x64.Build.0 = Release|x64
		{BDCF6BB6-5994-4E85-B218-059A3825ADEE}.Release|x64.Deploy.0 = Release|x64
		{BDCF6BB6-5994-4E85-B218-059A3825ADEE}.Release|x86.ActiveCfg = Release|x86
		{BDCF6BB6-5994-4E85-B218-059A3825ADEE}.Release|x86.Build.0 = Release|x86
		{BDCF6BB6-5994-4E85-B218-059A3825ADEE}.Release|x86.Deploy.0 = Release|x86
		{BD06D774-8DD8-4CCD-9AF3-984799E0B055}.Ad-Hoc|Any CPU.ActiveCfg = Ad-Hoc|iPhone
		{BD06D774-8DD8-4CCD-9AF3-984799E0B055}.Ad-Hoc|ARM.ActiveCfg = Ad-Hoc|iPhone
		{BD06D774-8DD8-4CCD-9AF3-984799E0B055}.Ad-Hoc|iPhone.ActiveCfg = Ad-Hoc|iPhone
		{BD06D774-8DD8-4CCD-9AF3-984799E0B055}.Ad-Hoc|iPhone.Build.0 = Ad-Hoc|iPhone
		{BD06D774-8DD8-4CCD-9AF3-984799E0B055}.Ad-Hoc|iPhoneSimulator.ActiveCfg = Ad-Hoc|iPhoneSimulator
		{BD06D774-8DD8-4CCD-9AF3-984799E0B055}.Ad-Hoc|iPhoneSimulator.Build.0 = Ad-Hoc|iPhoneSimulator
		{BD06D774-8DD8-4CCD-9AF3-984799E0B055}.Ad-Hoc|x64.ActiveCfg = Ad-Hoc|iPhone
		{BD06D774-8DD8-4CCD-9AF3-984799E0B055}.Ad-Hoc|x86.ActiveCfg = Ad-Hoc|iPhone
		{BD06D774-8DD8-4CCD-9AF3-984799E0B055}.AppStore|Any CPU.ActiveCfg = AppStore|iPhone
		{BD06D774-8DD8-4CCD-9AF3-984799E0B055}.AppStore|ARM.ActiveCfg = AppStore|iPhone
		{BD06D774-8DD8-4CCD-9AF3-984799E0B055}.AppStore|iPhone.ActiveCfg = AppStore|iPhone
		{BD06D774-8DD8-4CCD-9AF3-984799E0B055}.AppStore|iPhone.Build.0 = AppStore|iPhone
		{BD06D774-8DD8-4CCD-9AF3-984799E0B055}.AppStore|iPhoneSimulator.ActiveCfg = AppStore|iPhoneSimulator
		{BD06D774-8DD8-4CCD-9AF3-984799E0B055}.AppStore|iPhoneSimulator.Build.0 = AppStore|iPhoneSimulator
		{BD06D774-8DD8-4CCD-9AF3-984799E0B055}.AppStore|x64.ActiveCfg = AppStore|iPhone
		{BD06D774-8DD8-4CCD-9AF3-984799E0B055}.AppStore|x86.ActiveCfg = AppStore|iPhone
		{BD06D774-8DD8-4CCD-9AF3-984799E0B055}.Debug|Any CPU.ActiveCfg = Debug|iPhone
		{BD06D774-8DD8-4CCD-9AF3-984799E0B055}.Debug|ARM.ActiveCfg = Debug|iPhone
		{BD06D774-8DD8-4CCD-9AF3-984799E0B055}.Debug|iPhone.ActiveCfg = Debug|iPhone
		{BD06D774-8DD8-4CCD-9AF3-984799E0B055}.Debug|iPhone.Build.0 = Debug|iPhone
		{BD06D774-8DD8-4CCD-9AF3-984799E0B055}.Debug|iPhoneSimulator.ActiveCfg = Debug|iPhoneSimulator
		{BD06D774-8DD8-4CCD-9AF3-984799E0B055}.Debug|iPhoneSimulator.Build.0 = Debug|iPhoneSimulator
		{BD06D774-8DD8-4CCD-9AF3-984799E0B055}.Debug|x64.ActiveCfg = Debug|iPhone
		{BD06D774-8DD8-4CCD-9AF3-984799E0B055}.Debug|x86.ActiveCfg = Debug|iPhone
		{BD06D774-8DD8-4CCD-9AF3-984799E0B055}.Release|Any CPU.ActiveCfg = Release|iPhone
		{BD06D774-8DD8-4CCD-9AF3-984799E0B055}.Release|ARM.ActiveCfg = Release|iPhone
		{BD06D774-8DD8-4CCD-9AF3-984799E0B055}.Release|iPhone.ActiveCfg = Release|iPhone
		{BD06D774-8DD8-4CCD-9AF3-984799E0B055}.Release|iPhone.Build.0 = Release|iPhone
		{BD06D774-8DD8-4CCD-9AF3-984799E0B055}.Release|iPhoneSimulator.ActiveCfg = Release|iPhoneSimulator
		{BD06D774-8DD8-4CCD-9AF3-984799E0B055}.Release|iPhoneSimulator.Build.0 = Release|iPhoneSimulator
		{BD06D774-8DD8-4CCD-9AF3-984799E0B055}.Release|x64.ActiveCfg = Release|iPhone
		{BD06D774-8DD8-4CCD-9AF3-984799E0B055}.Release|x86.ActiveCfg = Release|iPhone
	EndGlobalSection
	GlobalSection(SolutionProperties) = preSolution
		HideSolutionNode = FALSE
	EndGlobalSection
EndGlobal
